
Microsoft Visual Studio Solution File, Format Version 12.00
# Visual Studio Version 16
VisualStudioVersion = 16.0.29403.142
MinimumVisualStudioVersion = 10.0.40219.1
Project("{9A19103F-16F7-4668-BE54-9A1E7A4F7556}") = "IOERegistration.WebAPI", "IOERegistration.WebAPI.csproj", "{C2F28195-612E-4620-92C9-68A41DE86EB8}"
EndProject
Project("{FAE04EC0-301F-11D3-BF4B-00C04F79EFBC}") = "IOERegistration.WebAPI.UnitTests", "..\IOERegistration.WebAPI.UnitTests\IOERegistration.WebAPI.UnitTests.csproj", "{0DD91541-7A29-4D58-BA9B-D03A6C9DE019}"
EndProject
Global
	GlobalSection(SolutionConfigurationPlatforms) = preSolution
		Debug|Any CPU = Debug|Any CPU
		Release|Any CPU = Release|Any CPU
	EndGlobalSection
	GlobalSection(ProjectConfigurationPlatforms) = postSolution
		{C2F28195-612E-4620-92C9-68A41DE86EB8}.Debug|Any CPU.ActiveCfg = Debug|Any CPU
		{C2F28195-612E-4620-92C9-68A41DE86EB8}.Debug|Any CPU.Build.0 = Debug|Any CPU
		{C2F28195-612E-4620-92C9-68A41DE86EB8}.Release|Any CPU.ActiveCfg = Release|Any CPU
		{C2F28195-612E-4620-92C9-68A41DE86EB8}.Release|Any CPU.Build.0 = Release|Any CPU
		{0DD91541-7A29-4D58-BA9B-D03A6C9DE019}.Debug|Any CPU.ActiveCfg = Debug|Any CPU
		{0DD91541-7A29-4D58-BA9B-D03A6C9DE019}.Debug|Any CPU.Build.0 = Debug|Any CPU
		{0DD91541-7A29-4D58-BA9B-D03A6C9DE019}.Release|Any CPU.ActiveCfg = Release|Any CPU
		{0DD91541-7A29-4D58-BA9B-D03A6C9DE019}.Release|Any CPU.Build.0 = Release|Any CPU
	EndGlobalSection
	GlobalSection(SolutionProperties) = preSolution
		HideSolutionNode = FALSE
	EndGlobalSection
	GlobalSection(ExtensibilityGlobals) = postSolution
		SolutionGuid = {264BB3A8-7549-4B95-B99F-6572BA92CDAE}
	EndGlobalSection
EndGlobal
